
Microsoft Visual Studio Solution File, Format Version 12.00
# Visual Studio Version 16
VisualStudioVersion = 16.0.29009.5
MinimumVisualStudioVersion = 10.0.40219.1
Project("{2150E333-8FDC-42A3-9474-1A3956D46DE8}") = "Solution Items", "Solution Items", "{B35F4812-32F1-469C-8AFC-A58B3D3A62C0}"
	ProjectSection(SolutionItems) = preProject
		.gitignore = .gitignore
		CodeContracts.ruleset = CodeContracts.ruleset
		Directory.Build.props = Directory.Build.props
		Directory.Build.targets = Directory.Build.targets
		LICENSE = LICENSE
		README.md = README.md
		Resources.Designer.t4 = Resources.Designer.t4
		Documentation\Content\VersionHistory\VersionHistory.aml = Documentation\Content\VersionHistory\VersionHistory.aml
	EndProjectSection
EndProject
Project("{9A19103F-16F7-4668-BE54-9A1E7A4F7556}") = "TomsToolbox.Essentials", "TomsToolbox.Essentials\TomsToolbox.Essentials.csproj", "{AE305312-7637-43BF-9156-7EC513C55135}"
EndProject
Project("{9A19103F-16F7-4668-BE54-9A1E7A4F7556}") = "TomsToolbox.Desktop", "TomsToolbox.Desktop\TomsToolbox.Desktop.csproj", "{3647CD2D-2A4E-4859-9BBD-606A73C14801}"
EndProject
Project("{9A19103F-16F7-4668-BE54-9A1E7A4F7556}") = "TomsToolbox.Wpf", "TomsToolbox.Wpf\TomsToolbox.Wpf.csproj", "{EC9F9418-877F-49BA-AF91-F456FBC5AD57}"
EndProject
Project("{9A19103F-16F7-4668-BE54-9A1E7A4F7556}") = "TomsToolbox.Wpf.Styles", "TomsToolbox.Wpf.Styles\TomsToolbox.Wpf.Styles.csproj", "{E5D732D2-0294-48FD-8314-63DC1A9155FE}"
EndProject
Project("{9A19103F-16F7-4668-BE54-9A1E7A4F7556}") = "TomsToolbox.ObservableCollections", "TomsToolbox.ObservableCollections\TomsToolbox.ObservableCollections.csproj", "{E3EE79EA-50EC-4D54-B59F-799D50E8B221}"
EndProject
Project("{9A19103F-16F7-4668-BE54-9A1E7A4F7556}") = "TomsToolbox.Desktop.Tests", "TomsToolbox.Desktop.Tests\TomsToolbox.Desktop.Tests.csproj", "{53966F8B-9898-47D4-AD7A-2FBF84BA431C}"
EndProject
Project("{9A19103F-16F7-4668-BE54-9A1E7A4F7556}") = "TomsToolbox.Essentials.Tests", "TomsToolbox.Essentials.Tests\TomsToolbox.Essentials.Tests.csproj", "{E8095803-2DE6-4023-8981-66DCEE62F18D}"
EndProject
Project("{9A19103F-16F7-4668-BE54-9A1E7A4F7556}") = "TomsToolbox.ObservableCollections.Tests", "TomsToolbox.ObservableCollections.Tests\TomsToolbox.ObservableCollections.Tests.csproj", "{D061A57E-38E3-4F2A-B392-FB344C71F7F6}"
EndProject
Project("{9A19103F-16F7-4668-BE54-9A1E7A4F7556}") = "SampleApp.Mef1", "SampleApp.Mef1\SampleApp.Mef1.csproj", "{31D12A42-C0C6-4B45-82D3-E896BB2E00E0}"
EndProject
Project("{9A19103F-16F7-4668-BE54-9A1E7A4F7556}") = "TomsToolbox.Wpf.Tests", "TomsToolbox.Wpf.Tests\TomsToolbox.Wpf.Tests.csproj", "{726D085F-C3E1-444B-96AB-0B40C3DC0311}"
EndProject
Project("{9A19103F-16F7-4668-BE54-9A1E7A4F7556}") = "TomsToolbox.Wpf.Composition", "TomsToolbox.Wpf.Composition\TomsToolbox.Wpf.Composition.csproj", "{250EB66A-EECD-449E-90C7-15DC8683A5C4}"
EndProject
Project("{9A19103F-16F7-4668-BE54-9A1E7A4F7556}") = "TomsToolbox.Wpf.Composition.Mef", "TomsToolbox.Wpf.Composition.Mef\TomsToolbox.Wpf.Composition.Mef.csproj", "{1680AC6F-65F1-4F6B-8835-2E109C0BD4F8}"
EndProject
Project("{9A19103F-16F7-4668-BE54-9A1E7A4F7556}") = "TomsToolbox.Wpf.Composition.Styles", "TomsToolbox.Wpf.Compostition.Styles\TomsToolbox.Wpf.Composition.Styles.csproj", "{8A996B96-7062-49D1-BACD-6DD8B33AA599}"
EndProject
Project("{9A19103F-16F7-4668-BE54-9A1E7A4F7556}") = "TomsToolbox.Composition.Mef2", "TomsToolbox.Composition.Mef2\TomsToolbox.Composition.Mef2.csproj", "{169441BC-1695-44A7-8514-DFCD8C31030E}"
EndProject
Project("{9A19103F-16F7-4668-BE54-9A1E7A4F7556}") = "TomsToolbox.Composition", "TomsToolbox.Composition\TomsToolbox.Composition.csproj", "{D3B9CE35-0E1C-43D8-8365-46C97E9534E4}"
EndProject
Project("{9A19103F-16F7-4668-BE54-9A1E7A4F7556}") = "TomsToolbox.Composition.Tests", "TomsToolbox.Composition.Tests\TomsToolbox.Composition.Tests.csproj", "{0D80DBAB-1C55-46B7-A78A-4746D42EE022}"
EndProject
Project("{9A19103F-16F7-4668-BE54-9A1E7A4F7556}") = "TomsToolbox.Wpf.Composition.AttributedModel", "TomsToolbox.Wpf.Composition.AttributedModel\TomsToolbox.Wpf.Composition.AttributedModel.csproj", "{2829A34C-8D89-43E4-8F6C-A5D74B68B0A2}"
EndProject
Project("{9A19103F-16F7-4668-BE54-9A1E7A4F7556}") = "TomsToolbox.Composition.Ninject", "TomsToolbox.Composition.Ninject\TomsToolbox.Composition.Ninject.csproj", "{81F4A721-04E9-4E1C-8502-4B2A9462D537}"
EndProject
Project("{9A19103F-16F7-4668-BE54-9A1E7A4F7556}") = "TomsToolbox.Core", "TomsToolbox.Core\TomsToolbox.Core.csproj", "{2DFD98E0-44F6-499A-9E8E-C24482D4B676}"
EndProject
Project("{7CF6DF6D-3B04-46F8-A40B-537D21BCA0B4}") = "Documentation", "Documentation\Documentation.shfbproj", "{4D7FB3D6-9A0D-4B5E-A286-AA2F009A0EF8}"
EndProject
Project("{9A19103F-16F7-4668-BE54-9A1E7A4F7556}") = "SampleApp", "SampleApp\SampleApp.csproj", "{C3B367A0-BA02-46C0-A505-099B4BB14114}"
EndProject
Project("{9A19103F-16F7-4668-BE54-9A1E7A4F7556}") = "SampleApp.Mef2", "SampleApp.Mef2\SampleApp.Mef2.csproj", "{F5144190-2871-46EF-8363-61F511AAE850}"
EndProject
Project("{9A19103F-16F7-4668-BE54-9A1E7A4F7556}") = "SampleApp.Ninject", "SampleApp.Ninject\SampleApp.Ninject.csproj", "{335EFE69-FB35-4E73-8D52-A067A410AFC2}"
EndProject
Project("{FAE04EC0-301F-11D3-BF4B-00C04F79EFBC}") = "Documentation.build", "Documentation\Documentation.build.csproj", "{45C2507A-D756-4383-AA29-145416FEF56C}"
EndProject
Global
	GlobalSection(SolutionConfigurationPlatforms) = preSolution
		Debug|Any CPU = Debug|Any CPU
		Release|Any CPU = Release|Any CPU
	EndGlobalSection
	GlobalSection(ProjectConfigurationPlatforms) = postSolution
		{AE305312-7637-43BF-9156-7EC513C55135}.Debug|Any CPU.ActiveCfg = Debug|Any CPU
		{AE305312-7637-43BF-9156-7EC513C55135}.Debug|Any CPU.Build.0 = Debug|Any CPU
		{AE305312-7637-43BF-9156-7EC513C55135}.Release|Any CPU.ActiveCfg = Release|Any CPU
		{AE305312-7637-43BF-9156-7EC513C55135}.Release|Any CPU.Build.0 = Release|Any CPU
		{3647CD2D-2A4E-4859-9BBD-606A73C14801}.Debug|Any CPU.ActiveCfg = Debug|Any CPU
		{3647CD2D-2A4E-4859-9BBD-606A73C14801}.Debug|Any CPU.Build.0 = Debug|Any CPU
		{3647CD2D-2A4E-4859-9BBD-606A73C14801}.Release|Any CPU.ActiveCfg = Release|Any CPU
		{3647CD2D-2A4E-4859-9BBD-606A73C14801}.Release|Any CPU.Build.0 = Release|Any CPU
		{EC9F9418-877F-49BA-AF91-F456FBC5AD57}.Debug|Any CPU.ActiveCfg = Debug|Any CPU
		{EC9F9418-877F-49BA-AF91-F456FBC5AD57}.Debug|Any CPU.Build.0 = Debug|Any CPU
		{EC9F9418-877F-49BA-AF91-F456FBC5AD57}.Release|Any CPU.ActiveCfg = Release|Any CPU
		{EC9F9418-877F-49BA-AF91-F456FBC5AD57}.Release|Any CPU.Build.0 = Release|Any CPU
		{E5D732D2-0294-48FD-8314-63DC1A9155FE}.Debug|Any CPU.ActiveCfg = Debug|Any CPU
		{E5D732D2-0294-48FD-8314-63DC1A9155FE}.Debug|Any CPU.Build.0 = Debug|Any CPU
		{E5D732D2-0294-48FD-8314-63DC1A9155FE}.Release|Any CPU.ActiveCfg = Release|Any CPU
		{E5D732D2-0294-48FD-8314-63DC1A9155FE}.Release|Any CPU.Build.0 = Release|Any CPU
		{E3EE79EA-50EC-4D54-B59F-799D50E8B221}.Debug|Any CPU.ActiveCfg = Debug|Any CPU
		{E3EE79EA-50EC-4D54-B59F-799D50E8B221}.Debug|Any CPU.Build.0 = Debug|Any CPU
		{E3EE79EA-50EC-4D54-B59F-799D50E8B221}.Release|Any CPU.ActiveCfg = Release|Any CPU
		{E3EE79EA-50EC-4D54-B59F-799D50E8B221}.Release|Any CPU.Build.0 = Release|Any CPU
		{53966F8B-9898-47D4-AD7A-2FBF84BA431C}.Debug|Any CPU.ActiveCfg = Debug|Any CPU
		{53966F8B-9898-47D4-AD7A-2FBF84BA431C}.Debug|Any CPU.Build.0 = Debug|Any CPU
		{53966F8B-9898-47D4-AD7A-2FBF84BA431C}.Release|Any CPU.ActiveCfg = Release|Any CPU
		{53966F8B-9898-47D4-AD7A-2FBF84BA431C}.Release|Any CPU.Build.0 = Release|Any CPU
		{E8095803-2DE6-4023-8981-66DCEE62F18D}.Debug|Any CPU.ActiveCfg = Debug|Any CPU
		{E8095803-2DE6-4023-8981-66DCEE62F18D}.Debug|Any CPU.Build.0 = Debug|Any CPU
		{E8095803-2DE6-4023-8981-66DCEE62F18D}.Release|Any CPU.ActiveCfg = Release|Any CPU
		{E8095803-2DE6-4023-8981-66DCEE62F18D}.Release|Any CPU.Build.0 = Release|Any CPU
		{D061A57E-38E3-4F2A-B392-FB344C71F7F6}.Debug|Any CPU.ActiveCfg = Debug|Any CPU
		{D061A57E-38E3-4F2A-B392-FB344C71F7F6}.Debug|Any CPU.Build.0 = Debug|Any CPU
		{D061A57E-38E3-4F2A-B392-FB344C71F7F6}.Release|Any CPU.ActiveCfg = Release|Any CPU
		{D061A57E-38E3-4F2A-B392-FB344C71F7F6}.Release|Any CPU.Build.0 = Release|Any CPU
		{31D12A42-C0C6-4B45-82D3-E896BB2E00E0}.Debug|Any CPU.ActiveCfg = Debug|Any CPU
		{31D12A42-C0C6-4B45-82D3-E896BB2E00E0}.Debug|Any CPU.Build.0 = Debug|Any CPU
		{31D12A42-C0C6-4B45-82D3-E896BB2E00E0}.Release|Any CPU.ActiveCfg = Release|Any CPU
		{31D12A42-C0C6-4B45-82D3-E896BB2E00E0}.Release|Any CPU.Build.0 = Release|Any CPU
		{726D085F-C3E1-444B-96AB-0B40C3DC0311}.Debug|Any CPU.ActiveCfg = Debug|Any CPU
		{726D085F-C3E1-444B-96AB-0B40C3DC0311}.Debug|Any CPU.Build.0 = Debug|Any CPU
		{726D085F-C3E1-444B-96AB-0B40C3DC0311}.Release|Any CPU.ActiveCfg = Release|Any CPU
		{726D085F-C3E1-444B-96AB-0B40C3DC0311}.Release|Any CPU.Build.0 = Release|Any CPU
		{250EB66A-EECD-449E-90C7-15DC8683A5C4}.Debug|Any CPU.ActiveCfg = Debug|Any CPU
		{250EB66A-EECD-449E-90C7-15DC8683A5C4}.Debug|Any CPU.Build.0 = Debug|Any CPU
		{250EB66A-EECD-449E-90C7-15DC8683A5C4}.Release|Any CPU.ActiveCfg = Release|Any CPU
		{250EB66A-EECD-449E-90C7-15DC8683A5C4}.Release|Any CPU.Build.0 = Release|Any CPU
		{1680AC6F-65F1-4F6B-8835-2E109C0BD4F8}.Debug|Any CPU.ActiveCfg = Debug|Any CPU
		{1680AC6F-65F1-4F6B-8835-2E109C0BD4F8}.Debug|Any CPU.Build.0 = Debug|Any CPU
		{1680AC6F-65F1-4F6B-8835-2E109C0BD4F8}.Release|Any CPU.ActiveCfg = Release|Any CPU
		{1680AC6F-65F1-4F6B-8835-2E109C0BD4F8}.Release|Any CPU.Build.0 = Release|Any CPU
		{8A996B96-7062-49D1-BACD-6DD8B33AA599}.Debug|Any CPU.ActiveCfg = Debug|Any CPU
		{8A996B96-7062-49D1-BACD-6DD8B33AA599}.Debug|Any CPU.Build.0 = Debug|Any CPU
		{8A996B96-7062-49D1-BACD-6DD8B33AA599}.Release|Any CPU.ActiveCfg = Release|Any CPU
		{8A996B96-7062-49D1-BACD-6DD8B33AA599}.Release|Any CPU.Build.0 = Release|Any CPU
		{169441BC-1695-44A7-8514-DFCD8C31030E}.Debug|Any CPU.ActiveCfg = Debug|Any CPU
		{169441BC-1695-44A7-8514-DFCD8C31030E}.Debug|Any CPU.Build.0 = Debug|Any CPU
		{169441BC-1695-44A7-8514-DFCD8C31030E}.Release|Any CPU.ActiveCfg = Release|Any CPU
		{169441BC-1695-44A7-8514-DFCD8C31030E}.Release|Any CPU.Build.0 = Release|Any CPU
		{D3B9CE35-0E1C-43D8-8365-46C97E9534E4}.Debug|Any CPU.ActiveCfg = Debug|Any CPU
		{D3B9CE35-0E1C-43D8-8365-46C97E9534E4}.Debug|Any CPU.Build.0 = Debug|Any CPU
		{D3B9CE35-0E1C-43D8-8365-46C97E9534E4}.Release|Any CPU.ActiveCfg = Release|Any CPU
		{D3B9CE35-0E1C-43D8-8365-46C97E9534E4}.Release|Any CPU.Build.0 = Release|Any CPU
		{0D80DBAB-1C55-46B7-A78A-4746D42EE022}.Debug|Any CPU.ActiveCfg = Debug|Any CPU
		{0D80DBAB-1C55-46B7-A78A-4746D42EE022}.Debug|Any CPU.Build.0 = Debug|Any CPU
		{0D80DBAB-1C55-46B7-A78A-4746D42EE022}.Release|Any CPU.ActiveCfg = Release|Any CPU
		{0D80DBAB-1C55-46B7-A78A-4746D42EE022}.Release|Any CPU.Build.0 = Release|Any CPU
		{2829A34C-8D89-43E4-8F6C-A5D74B68B0A2}.Debug|Any CPU.ActiveCfg = Debug|Any CPU
		{2829A34C-8D89-43E4-8F6C-A5D74B68B0A2}.Debug|Any CPU.Build.0 = Debug|Any CPU
		{2829A34C-8D89-43E4-8F6C-A5D74B68B0A2}.Release|Any CPU.ActiveCfg = Release|Any CPU
		{2829A34C-8D89-43E4-8F6C-A5D74B68B0A2}.Release|Any CPU.Build.0 = Release|Any CPU
		{81F4A721-04E9-4E1C-8502-4B2A9462D537}.Debug|Any CPU.ActiveCfg = Debug|Any CPU
		{81F4A721-04E9-4E1C-8502-4B2A9462D537}.Debug|Any CPU.Build.0 = Debug|Any CPU
		{81F4A721-04E9-4E1C-8502-4B2A9462D537}.Release|Any CPU.ActiveCfg = Release|Any CPU
		{81F4A721-04E9-4E1C-8502-4B2A9462D537}.Release|Any CPU.Build.0 = Release|Any CPU
		{2DFD98E0-44F6-499A-9E8E-C24482D4B676}.Debug|Any CPU.ActiveCfg = Debug|Any CPU
		{2DFD98E0-44F6-499A-9E8E-C24482D4B676}.Debug|Any CPU.Build.0 = Debug|Any CPU
		{2DFD98E0-44F6-499A-9E8E-C24482D4B676}.Release|Any CPU.ActiveCfg = Release|Any CPU
		{2DFD98E0-44F6-499A-9E8E-C24482D4B676}.Release|Any CPU.Build.0 = Release|Any CPU
		{4D7FB3D6-9A0D-4B5E-A286-AA2F009A0EF8}.Debug|Any CPU.ActiveCfg = Debug|Any CPU
		{4D7FB3D6-9A0D-4B5E-A286-AA2F009A0EF8}.Release|Any CPU.ActiveCfg = Release|Any CPU
		{C3B367A0-BA02-46C0-A505-099B4BB14114}.Debug|Any CPU.ActiveCfg = Debug|Any CPU
		{C3B367A0-BA02-46C0-A505-099B4BB14114}.Debug|Any CPU.Build.0 = Debug|Any CPU
		{C3B367A0-BA02-46C0-A505-099B4BB14114}.Release|Any CPU.ActiveCfg = Release|Any CPU
		{C3B367A0-BA02-46C0-A505-099B4BB14114}.Release|Any CPU.Build.0 = Release|Any CPU
		{F5144190-2871-46EF-8363-61F511AAE850}.Debug|Any CPU.ActiveCfg = Debug|Any CPU
		{F5144190-2871-46EF-8363-61F511AAE850}.Debug|Any CPU.Build.0 = Debug|Any CPU
		{F5144190-2871-46EF-8363-61F511AAE850}.Release|Any CPU.ActiveCfg = Release|Any CPU
		{F5144190-2871-46EF-8363-61F511AAE850}.Release|Any CPU.Build.0 = Release|Any CPU
		{335EFE69-FB35-4E73-8D52-A067A410AFC2}.Debug|Any CPU.ActiveCfg = Debug|Any CPU
		{335EFE69-FB35-4E73-8D52-A067A410AFC2}.Debug|Any CPU.Build.0 = Debug|Any CPU
		{335EFE69-FB35-4E73-8D52-A067A410AFC2}.Release|Any CPU.ActiveCfg = Release|Any CPU
		{335EFE69-FB35-4E73-8D52-A067A410AFC2}.Release|Any CPU.Build.0 = Release|Any CPU
		{45C2507A-D756-4383-AA29-145416FEF56C}.Debug|Any CPU.ActiveCfg = Debug|Any CPU
		{45C2507A-D756-4383-AA29-145416FEF56C}.Debug|Any CPU.Build.0 = Debug|Any CPU
		{45C2507A-D756-4383-AA29-145416FEF56C}.Release|Any CPU.ActiveCfg = Release|Any CPU
		{45C2507A-D756-4383-AA29-145416FEF56C}.Release|Any CPU.Build.0 = Release|Any CPU
	EndGlobalSection
	GlobalSection(SolutionProperties) = preSolution
		HideSolutionNode = FALSE
	EndGlobalSection
	GlobalSection(ExtensibilityGlobals) = postSolution
		SolutionGuid = {6DCD3835-A922-4014-AD37-CACC87B9AC45}
	EndGlobalSection
EndGlobal
